
Microsoft Visual Studio Solution File, Format Version 12.00
# Visual Studio Version 17
VisualStudioVersion = 17.13.35931.197 d17.13
MinimumVisualStudioVersion = 10.0.40219.1
Project("{FAE04EC0-301F-11D3-BF4B-00C04F79EFBC}") = "Demo_ReactJS_API", "Demo_ReactJS_API\Demo_ReactJS_API.csproj", "{15957A91-77AC-4A68-91C7-D31D17FFD261}"
EndProject
Global
	GlobalSection(SolutionConfigurationPlatforms) = preSolution
		Debug|Any CPU = Debug|Any CPU
		Release|Any CPU = Release|Any CPU
	EndGlobalSection
	GlobalSection(ProjectConfigurationPlatforms) = postSolution
		{15957A91-77AC-4A68-91C7-D31D17FFD261}.Debug|Any CPU.ActiveCfg = Debug|Any CPU
		{15957A91-77AC-4A68-91C7-D31D17FFD261}.Debug|Any CPU.Build.0 = Debug|Any CPU
		{15957A91-77AC-4A68-91C7-D31D17FFD261}.Release|Any CPU.ActiveCfg = Release|Any CPU
		{15957A91-77AC-4A68-91C7-D31D17FFD261}.Release|Any CPU.Build.0 = Release|Any CPU
	EndGlobalSection
	GlobalSection(SolutionProperties) = preSolution
		HideSolutionNode = FALSE
	EndGlobalSection
	GlobalSection(ExtensibilityGlobals) = postSolution
		SolutionGuid = {B15909A4-DF9E-454C-A5F6-87A3E548D360}
	EndGlobalSection
EndGlobal
